// !$*UTF8*$!
{
	archiveVersion = 1;
	classes = {
	};
	objectVersion = 55;
	objects = {

/* Begin PBXBuildFile section */
		3317148329264A6200466411 /* AppDelegate.swift in Sources */ = {isa = PBXBuildFile; fileRef = 3317148229264A6200466411 /* AppDelegate.swift */; };
		3317148529264A6200466411 /* SceneDelegate.swift in Sources */ = {isa = PBXBuildFile; fileRef = 3317148429264A6200466411 /* SceneDelegate.swift */; };
		3317148729264A6200466411 /* ViewController.swift in Sources */ = {isa = PBXBuildFile; fileRef = 3317148629264A6200466411 /* ViewController.swift */; };
		3317148A29264A6200466411 /* Main.storyboard in Resources */ = {isa = PBXBuildFile; fileRef = 3317148829264A6200466411 /* Main.storyboard */; };
		3317148C29264A6A00466411 /* Assets.xcassets in Resources */ = {isa = PBXBuildFile; fileRef = 3317148B29264A6A00466411 /* Assets.xcassets */; };
		3317148F29264A6A00466411 /* LaunchScreen.storyboard in Resources */ = {isa = PBXBuildFile; fileRef = 3317148D29264A6A00466411 /* LaunchScreen.storyboard */; };
		3317149A29264A6B00466411 /* CustomTabbarProgramaticalTests.swift in Sources */ = {isa = PBXBuildFile; fileRef = 3317149929264A6B00466411 /* CustomTabbarProgramaticalTests.swift */; };
		331714A429264A6B00466411 /* CustomTabbarProgramaticalUITests.swift in Sources */ = {isa = PBXBuildFile; fileRef = 331714A329264A6B00466411 /* CustomTabbarProgramaticalUITests.swift */; };
		331714A629264A6B00466411 /* CustomTabbarProgramaticalUITestsLaunchTests.swift in Sources */ = {isa = PBXBuildFile; fileRef = 331714A529264A6B00466411 /* CustomTabbarProgramaticalUITestsLaunchTests.swift */; };
		331714B329264AA300466411 /* CustomTabBarController.swift in Sources */ = {isa = PBXBuildFile; fileRef = 331714B229264AA300466411 /* CustomTabBarController.swift */; };
		331714B529264F7E00466411 /* AccountVC.swift in Sources */ = {isa = PBXBuildFile; fileRef = 331714B429264F7E00466411 /* AccountVC.swift */; };
		331714B7292651CC00466411 /* CustomTabbar.swift in Sources */ = {isa = PBXBuildFile; fileRef = 331714B6292651CC00466411 /* CustomTabbar.swift */; };
		331714BD292652E100466411 /* Extensions.swift in Sources */ = {isa = PBXBuildFile; fileRef = 331714BC292652E100466411 /* Extensions.swift */; };
		3329769C2926DCE700B450C8 /* FavouritesVC.swift in Sources */ = {isa = PBXBuildFile; fileRef = 3329769B2926DCE700B450C8 /* FavouritesVC.swift */; };
/* End PBXBuildFile section */

/* Begin PBXContainerItemProxy section */
		3317149629264A6B00466411 /* PBXContainerItemProxy */ = {
			isa = PBXContainerItemProxy;
			containerPortal = 3317147729264A6200466411 /* Project object */;
			proxyType = 1;
			remoteGlobalIDString = 3317147E29264A6200466411;
			remoteInfo = CustomTabbarProgramatical;
		};
		331714A029264A6B00466411 /* PBXContainerItemProxy */ = {
			isa = PBXContainerItemProxy;
			containerPortal = 3317147729264A6200466411 /* Project object */;
			proxyType = 1;
			remoteGlobalIDString = 3317147E29264A6200466411;
			remoteInfo = CustomTabbarProgramatical;
		};
/* End PBXContainerItemProxy section */

/* Begin PBXFileReference section */
		3317147F29264A6200466411 /* CustomTabbarProgramatical.app */ = {isa = PBXFileReference; explicitFileType = wrapper.application; includeInIndex = 0; path = CustomTabbarProgramatical.app; sourceTree = BUILT_PRODUCTS_DIR; };
		3317148229264A6200466411 /* AppDelegate.swift */ = {isa = PBXFileReference; lastKnownFileType = sourcecode.swift; path = AppDelegate.swift; sourceTree = "<group>"; };
		3317148429264A6200466411 /* SceneDelegate.swift */ = {isa = PBXFileReference; lastKnownFileType = sourcecode.swift; path = SceneDelegate.swift; sourceTree = "<group>"; };
		3317148629264A6200466411 /* ViewController.swift */ = {isa = PBXFileReference; lastKnownFileType = sourcecode.swift; path = ViewController.swift; sourceTree = "<group>"; };
		3317148929264A6200466411 /* Base */ = {isa = PBXFileReference; lastKnownFileType = file.storyboard; name = Base; path = Base.lproj/Main.storyboard; sourceTree = "<group>"; };
		3317148B29264A6A00466411 /* Assets.xcassets */ = {isa = PBXFileReference; lastKnownFileType = folder.assetcatalog; path = Assets.xcassets; sourceTree = "<group>"; };
		3317148E29264A6A00466411 /* Base */ = {isa = PBXFileReference; lastKnownFileType = file.storyboard; name = Base; path = Base.lproj/LaunchScreen.storyboard; sourceTree = "<group>"; };
		3317149029264A6A00466411 /* Info.plist */ = {isa = PBXFileReference; lastKnownFileType = text.plist.xml; path = Info.plist; sourceTree = "<group>"; };
		3317149529264A6B00466411 /* CustomTabbarProgramaticalTests.xctest */ = {isa = PBXFileReference; explicitFileType = wrapper.cfbundle; includeInIndex = 0; path = CustomTabbarProgramaticalTests.xctest; sourceTree = BUILT_PRODUCTS_DIR; };
		3317149929264A6B00466411 /* CustomTabbarProgramaticalTests.swift */ = {isa = PBXFileReference; lastKnownFileType = sourcecode.swift; path = CustomTabbarProgramaticalTests.swift; sourceTree = "<group>"; };
		3317149F29264A6B00466411 /* CustomTabbarProgramaticalUITests.xctest */ = {isa = PBXFileReference; explicitFileType = wrapper.cfbundle; includeInIndex = 0; path = CustomTabbarProgramaticalUITests.xctest; sourceTree = BUILT_PRODUCTS_DIR; };
		331714A329264A6B00466411 /* CustomTabbarProgramaticalUITests.swift */ = {isa = PBXFileReference; lastKnownFileType = sourcecode.swift; path = CustomTabbarProgramaticalUITests.swift; sourceTree = "<group>"; };
		331714A529264A6B00466411 /* CustomTabbarProgramaticalUITestsLaunchTests.swift */ = {isa = PBXFileReference; lastKnownFileType = sourcecode.swift; path = CustomTabbarProgramaticalUITestsLaunchTests.swift; sourceTree = "<group>"; };
		331714B229264AA300466411 /* CustomTabBarController.swift */ = {isa = PBXFileReference; lastKnownFileType = sourcecode.swift; path = CustomTabBarController.swift; sourceTree = "<group>"; };
		331714B429264F7E00466411 /* AccountVC.swift */ = {isa = PBXFileReference; lastKnownFileType = sourcecode.swift; path = AccountVC.swift; sourceTree = "<group>"; };
		331714B6292651CC00466411 /* CustomTabbar.swift */ = {isa = PBXFileReference; lastKnownFileType = sourcecode.swift; path = CustomTabbar.swift; sourceTree = "<group>"; };
		331714BC292652E100466411 /* Extensions.swift */ = {isa = PBXFileReference; lastKnownFileType = sourcecode.swift; path = Extensions.swift; sourceTree = "<group>"; };
		3329769B2926DCE700B450C8 /* FavouritesVC.swift */ = {isa = PBXFileReference; lastKnownFileType = sourcecode.swift; path = FavouritesVC.swift; sourceTree = "<group>"; };
/* End PBXFileReference section */

/* Begin PBXFrameworksBuildPhase section */
		3317147C29264A6200466411 /* Frameworks */ = {
			isa = PBXFrameworksBuildPhase;
			buildActionMask = 2147483647;
			files = (
			);
			runOnlyForDeploymentPostprocessing = 0;
		};
		3317149229264A6B00466411 /* Frameworks */ = {
			isa = PBXFrameworksBuildPhase;
			buildActionMask = 2147483647;
			files = (
			);
			runOnlyForDeploymentPostprocessing = 0;
		};
		3317149C29264A6B00466411 /* Frameworks */ = {
			isa = PBXFrameworksBuildPhase;
			buildActionMask = 2147483647;
			files = (
			);
			runOnlyForDeploymentPostprocessing = 0;
		};
/* End PBXFrameworksBuildPhase section */

/* Begin PBXGroup section */
		3317147629264A6200466411 = {
			isa = PBXGroup;
			children = (
				3317148129264A6200466411 /* CustomTabbarProgramatical */,
				3317149829264A6B00466411 /* CustomTabbarProgramaticalTests */,
				331714A229264A6B00466411 /* CustomTabbarProgramaticalUITests */,
				3317148029264A6200466411 /* Products */,
			);
			sourceTree = "<group>";
		};
		3317148029264A6200466411 /* Products */ = {
			isa = PBXGroup;
			children = (
				3317147F29264A6200466411 /* CustomTabbarProgramatical.app */,
				3317149529264A6B00466411 /* CustomTabbarProgramaticalTests.xctest */,
				3317149F29264A6B00466411 /* CustomTabbarProgramaticalUITests.xctest */,
			);
			name = Products;
			sourceTree = "<group>";
		};
		3317148129264A6200466411 /* CustomTabbarProgramatical */ = {
			isa = PBXGroup;
			children = (
				331714BB292652BD00466411 /* Utils */,
				331714B92926520A00466411 /* View */,
				331714B8292651E200466411 /* Controller */,
				3317148829264A6200466411 /* Main.storyboard */,
				3317148D29264A6A00466411 /* LaunchScreen.storyboard */,
				331714BA2926521500466411 /* SupportingFolder */,
			);
			path = CustomTabbarProgramatical;
			sourceTree = "<group>";
		};
		3317149829264A6B00466411 /* CustomTabbarProgramaticalTests */ = {
			isa = PBXGroup;
			children = (
				3317149929264A6B00466411 /* CustomTabbarProgramaticalTests.swift */,
			);
			path = CustomTabbarProgramaticalTests;
			sourceTree = "<group>";
		};
		331714A229264A6B00466411 /* CustomTabbarProgramaticalUITests */ = {
			isa = PBXGroup;
			children = (
				331714A329264A6B00466411 /* CustomTabbarProgramaticalUITests.swift */,
				331714A529264A6B00466411 /* CustomTabbarProgramaticalUITestsLaunchTests.swift */,
			);
			path = CustomTabbarProgramaticalUITests;
			sourceTree = "<group>";
		};
		331714B8292651E200466411 /* Controller */ = {
			isa = PBXGroup;
			children = (
				331714B429264F7E00466411 /* AccountVC.swift */,
				331714B229264AA300466411 /* CustomTabBarController.swift */,
				3329769B2926DCE700B450C8 /* FavouritesVC.swift */,
			);
			path = Controller;
			sourceTree = "<group>";
		};
		331714B92926520A00466411 /* View */ = {
			isa = PBXGroup;
			children = (
				331714B6292651CC00466411 /* CustomTabbar.swift */,
			);
			path = View;
			sourceTree = "<group>";
		};
		331714BA2926521500466411 /* SupportingFolder */ = {
			isa = PBXGroup;
			children = (
				3317148B29264A6A00466411 /* Assets.xcassets */,
				3317149029264A6A00466411 /* Info.plist */,
				3317148629264A6200466411 /* ViewController.swift */,
				3317148429264A6200466411 /* SceneDelegate.swift */,
				3317148229264A6200466411 /* AppDelegate.swift */,
			);
			path = SupportingFolder;
			sourceTree = "<group>";
		};
		331714BB292652BD00466411 /* Utils */ = {
			isa = PBXGroup;
			children = (
				331714BC292652E100466411 /* Extensions.swift */,
			);
			path = Utils;
			sourceTree = "<group>";
		};
/* End PBXGroup section */

/* Begin PBXNativeTarget section */
		3317147E29264A6200466411 /* CustomTabbarProgramatical */ = {
			isa = PBXNativeTarget;
			buildConfigurationList = 331714A929264A6B00466411 /* Build configuration list for PBXNativeTarget "CustomTabbarProgramatical" */;
			buildPhases = (
				3317147B29264A6200466411 /* Sources */,
				3317147C29264A6200466411 /* Frameworks */,
				3317147D29264A6200466411 /* Resources */,
			);
			buildRules = (
			);
			dependencies = (
			);
			name = CustomTabbarProgramatical;
			productName = CustomTabbarProgramatical;
			productReference = 3317147F29264A6200466411 /* CustomTabbarProgramatical.app */;
			productType = "com.apple.product-type.application";
		};
		3317149429264A6B00466411 /* CustomTabbarProgramaticalTests */ = {
			isa = PBXNativeTarget;
			buildConfigurationList = 331714AC29264A6B00466411 /* Build configuration list for PBXNativeTarget "CustomTabbarProgramaticalTests" */;
			buildPhases = (
				3317149129264A6B00466411 /* Sources */,
				3317149229264A6B00466411 /* Frameworks */,
				3317149329264A6B00466411 /* Resources */,
			);
			buildRules = (
			);
			dependencies = (
				3317149729264A6B00466411 /* PBXTargetDependency */,
			);
			name = CustomTabbarProgramaticalTests;
			productName = CustomTabbarProgramaticalTests;
			productReference = 3317149529264A6B00466411 /* CustomTabbarProgramaticalTests.xctest */;
			productType = "com.apple.product-type.bundle.unit-test";
		};
		3317149E29264A6B00466411 /* CustomTabbarProgramaticalUITests */ = {
			isa = PBXNativeTarget;
			buildConfigurationList = 331714AF29264A6B00466411 /* Build configuration list for PBXNativeTarget "CustomTabbarProgramaticalUITests" */;
			buildPhases = (
				3317149B29264A6B00466411 /* Sources */,
				3317149C29264A6B00466411 /* Frameworks */,
				3317149D29264A6B00466411 /* Resources */,
			);
			buildRules = (
			);
			dependencies = (
				331714A129264A6B00466411 /* PBXTargetDependency */,
			);
			name = CustomTabbarProgramaticalUITests;
			productName = CustomTabbarProgramaticalUITests;
			productReference = 3317149F29264A6B00466411 /* CustomTabbarProgramaticalUITests.xctest */;
			productType = "com.apple.product-type.bundle.ui-testing";
		};
/* End PBXNativeTarget section */

/* Begin PBXProject section */
		3317147729264A6200466411 /* Project object */ = {
			isa = PBXProject;
			attributes = {
				BuildIndependentTargetsInParallel = 1;
				LastSwiftUpdateCheck = 1320;
				LastUpgradeCheck = 1320;
				TargetAttributes = {
					3317147E29264A6200466411 = {
						CreatedOnToolsVersion = 13.2.1;
					};
					3317149429264A6B00466411 = {
						CreatedOnToolsVersion = 13.2.1;
						TestTargetID = 3317147E29264A6200466411;
					};
					3317149E29264A6B00466411 = {
						CreatedOnToolsVersion = 13.2.1;
						TestTargetID = 3317147E29264A6200466411;
					};
				};
			};
			buildConfigurationList = 3317147A29264A6200466411 /* Build configuration list for PBXProject "CustomTabbarProgramatical" */;
			compatibilityVersion = "Xcode 13.0";
			developmentRegion = en;
			hasScannedForEncodings = 0;
			knownRegions = (
				en,
				Base,
			);
			mainGroup = 3317147629264A6200466411;
			productRefGroup = 3317148029264A6200466411 /* Products */;
			projectDirPath = "";
			projectRoot = "";
			targets = (
				3317147E29264A6200466411 /* CustomTabbarProgramatical */,
				3317149429264A6B00466411 /* CustomTabbarProgramaticalTests */,
				3317149E29264A6B00466411 /* CustomTabbarProgramaticalUITests */,
			);
		};
/* End PBXProject section */

/* Begin PBXResourcesBuildPhase section */
		3317147D29264A6200466411 /* Resources */ = {
			isa = PBXResourcesBuildPhase;
			buildActionMask = 2147483647;
			files = (
				3317148F29264A6A00466411 /* LaunchScreen.storyboard in Resources */,
				3317148C29264A6A00466411 /* Assets.xcassets in Resources */,
				3317148A29264A6200466411 /* Main.storyboard in Resources */,
			);
			runOnlyForDeploymentPostprocessing = 0;
		};
		3317149329264A6B00466411 /* Resources */ = {
			isa = PBXResourcesBuildPhase;
			buildActionMask = 2147483647;
			files = (
			);
			runOnlyForDeploymentPostprocessing = 0;
		};
		3317149D29264A6B00466411 /* Resources */ = {
			isa = PBXResourcesBuildPhase;
			buildActionMask = 2147483647;
			files = (
			);
			runOnlyForDeploymentPostprocessing = 0;
		};
/* End PBXResourcesBuildPhase section */

/* Begin PBXSourcesBuildPhase section */
		3317147B29264A6200466411 /* Sources */ = {
			isa = PBXSourcesBuildPhase;
			buildActionMask = 2147483647;
			files = (
				331714B7292651CC00466411 /* CustomTabbar.swift in Sources */,
				3317148729264A6200466411 /* ViewController.swift in Sources */,
				331714B529264F7E00466411 /* AccountVC.swift in Sources */,
				3317148329264A6200466411 /* AppDelegate.swift in Sources */,
				331714B329264AA300466411 /* CustomTabBarController.swift in Sources */,
				3317148529264A6200466411 /* SceneDelegate.swift in Sources */,
				3329769C2926DCE700B450C8 /* FavouritesVC.swift in Sources */,
				331714BD292652E100466411 /* Extensions.swift in Sources */,
			);
			runOnlyForDeploymentPostprocessing = 0;
		};
		3317149129264A6B00466411 /* Sources */ = {
			isa = PBXSourcesBuildPhase;
			buildActionMask = 2147483647;
			files = (
				3317149A29264A6B00466411 /* CustomTabbarProgramaticalTests.swift in Sources */,
			);
			runOnlyForDeploymentPostprocessing = 0;
		};
		3317149B29264A6B00466411 /* Sources */ = {
			isa = PBXSourcesBuildPhase;
			buildActionMask = 2147483647;
			files = (
				331714A629264A6B00466411 /* CustomTabbarProgramaticalUITestsLaunchTests.swift in Sources */,
				331714A429264A6B00466411 /* CustomTabbarProgramaticalUITests.swift in Sources */,
			);
			runOnlyForDeploymentPostprocessing = 0;
		};
/* End PBXSourcesBuildPhase section */

/* Begin PBXTargetDependency section */
		3317149729264A6B00466411 /* PBXTargetDependency */ = {
			isa = PBXTargetDependency;
			target = 3317147E29264A6200466411 /* CustomTabbarProgramatical */;
			targetProxy = 3317149629264A6B00466411 /* PBXContainerItemProxy */;
		};
		331714A129264A6B00466411 /* PBXTargetDependency */ = {
			isa = PBXTargetDependency;
			target = 3317147E29264A6200466411 /* CustomTabbarProgramatical */;
			targetProxy = 331714A029264A6B00466411 /* PBXContainerItemProxy */;
		};
/* End PBXTargetDependency section */

/* Begin PBXVariantGroup section */
		3317148829264A6200466411 /* Main.storyboard */ = {
			isa = PBXVariantGroup;
			children = (
				3317148929264A6200466411 /* Base */,
			);
			name = Main.storyboard;
			sourceTree = "<group>";
		};
		3317148D29264A6A00466411 /* LaunchScreen.storyboard */ = {
			isa = PBXVariantGroup;
			children = (
				3317148E29264A6A00466411 /* Base */,
			);
			name = LaunchScreen.storyboard;
			sourceTree = "<group>";
		};
/* End PBXVariantGroup section */

/* Begin XCBuildConfiguration section */
		331714A729264A6B00466411 /* Debug */ = {
			isa = XCBuildConfiguration;
			buildSettings = {
				ALWAYS_SEARCH_USER_PATHS = NO;
				CLANG_ANALYZER_NONNULL = YES;
				CLANG_ANALYZER_NUMBER_OBJECT_CONVERSION = YES_AGGRESSIVE;
				CLANG_CXX_LANGUAGE_STANDARD = "gnu++17";
				CLANG_CXX_LIBRARY = "libc++";
				CLANG_ENABLE_MODULES = YES;
				CLANG_ENABLE_OBJC_ARC = YES;
				CLANG_ENABLE_OBJC_WEAK = YES;
				CLANG_WARN_BLOCK_CAPTURE_AUTORELEASING = YES;
				CLANG_WARN_BOOL_CONVERSION = YES;
				CLANG_WARN_COMMA = YES;
				CLANG_WARN_CONSTANT_CONVERSION = YES;
				CLANG_WARN_DEPRECATED_OBJC_IMPLEMENTATIONS = YES;
				CLANG_WARN_DIRECT_OBJC_ISA_USAGE = YES_ERROR;
				CLANG_WARN_DOCUMENTATION_COMMENTS = YES;
				CLANG_WARN_EMPTY_BODY = YES;
				CLANG_WARN_ENUM_CONVERSION = YES;
				CLANG_WARN_INFINITE_RECURSION = YES;
				CLANG_WARN_INT_CONVERSION = YES;
				CLANG_WARN_NON_LITERAL_NULL_CONVERSION = YES;
				CLANG_WARN_OBJC_IMPLICIT_RETAIN_SELF = YES;
				CLANG_WARN_OBJC_LITERAL_CONVERSION = YES;
				CLANG_WARN_OBJC_ROOT_CLASS = YES_ERROR;
				CLANG_WARN_QUOTED_INCLUDE_IN_FRAMEWORK_HEADER = YES;
				CLANG_WARN_RANGE_LOOP_ANALYSIS = YES;
				CLANG_WARN_STRICT_PROTOTYPES = YES;
				CLANG_WARN_SUSPICIOUS_MOVE = YES;
				CLANG_WARN_UNGUARDED_AVAILABILITY = YES_AGGRESSIVE;
				CLANG_WARN_UNREACHABLE_CODE = YES;
				CLANG_WARN__DUPLICATE_METHOD_MATCH = YES;
				COPY_PHASE_STRIP = NO;
				DEBUG_INFORMATION_FORMAT = dwarf;
				ENABLE_STRICT_OBJC_MSGSEND = YES;
				ENABLE_TESTABILITY = YES;
				GCC_C_LANGUAGE_STANDARD = gnu11;
				GCC_DYNAMIC_NO_PIC = NO;
				GCC_NO_COMMON_BLOCKS = YES;
				GCC_OPTIMIZATION_LEVEL = 0;
				GCC_PREPROCESSOR_DEFINITIONS = (
					"DEBUG=1",
					"$(inherited)",
				);
				GCC_WARN_64_TO_32_BIT_CONVERSION = YES;
				GCC_WARN_ABOUT_RETURN_TYPE = YES_ERROR;
				GCC_WARN_UNDECLARED_SELECTOR = YES;
				GCC_WARN_UNINITIALIZED_AUTOS = YES_AGGRESSIVE;
				GCC_WARN_UNUSED_FUNCTION = YES;
				GCC_WARN_UNUSED_VARIABLE = YES;
				IPHONEOS_DEPLOYMENT_TARGET = 15.2;
				MTL_ENABLE_DEBUG_INFO = INCLUDE_SOURCE;
				MTL_FAST_MATH = YES;
				ONLY_ACTIVE_ARCH = YES;
				SDKROOT = iphoneos;
				SWIFT_ACTIVE_COMPILATION_CONDITIONS = DEBUG;
				SWIFT_OPTIMIZATION_LEVEL = "-Onone";
			};
			name = Debug;
		};
		331714A829264A6B00466411 /* Release */ = {
			isa = XCBuildConfiguration;
			buildSettings = {
				ALWAYS_SEARCH_USER_PATHS = NO;
				CLANG_ANALYZER_NONNULL = YES;
				CLANG_ANALYZER_NUMBER_OBJECT_CONVERSION = YES_AGGRESSIVE;
				CLANG_CXX_LANGUAGE_STANDARD = "gnu++17";
				CLANG_CXX_LIBRARY = "libc++";
				CLANG_ENABLE_MODULES = YES;
				CLANG_ENABLE_OBJC_ARC = YES;
				CLANG_ENABLE_OBJC_WEAK = YES;
				CLANG_WARN_BLOCK_CAPTURE_AUTORELEASING = YES;
				CLANG_WARN_BOOL_CONVERSION = YES;
				CLANG_WARN_COMMA = YES;
				CLANG_WARN_CONSTANT_CONVERSION = YES;
				CLANG_WARN_DEPRECATED_OBJC_IMPLEMENTATIONS = YES;
				CLANG_WARN_DIRECT_OBJC_ISA_USAGE = YES_ERROR;
				CLANG_WARN_DOCUMENTATION_COMMENTS = YES;
				CLANG_WARN_EMPTY_BODY = YES;
				CLANG_WARN_ENUM_CONVERSION = YES;
				CLANG_WARN_INFINITE_RECURSION = YES;
				CLANG_WARN_INT_CONVERSION = YES;
				CLANG_WARN_NON_LITERAL_NULL_CONVERSION = YES;
				CLANG_WARN_OBJC_IMPLICIT_RETAIN_SELF = YES;
				CLANG_WARN_OBJC_LITERAL_CONVERSION = YES;
				CLANG_WARN_OBJC_ROOT_CLASS = YES_ERROR;
				CLANG_WARN_QUOTED_INCLUDE_IN_FRAMEWORK_HEADER = YES;
				CLANG_WARN_RANGE_LOOP_ANALYSIS = YES;
				CLANG_WARN_STRICT_PROTOTYPES = YES;
				CLANG_WARN_SUSPICIOUS_MOVE = YES;
				CLANG_WARN_UNGUARDED_AVAILABILITY = YES_AGGRESSIVE;
				CLANG_WARN_UNREACHABLE_CODE = YES;
				CLANG_WARN__DUPLICATE_METHOD_MATCH = YES;
				COPY_PHASE_STRIP = NO;
				DEBUG_INFORMATION_FORMAT = "dwarf-with-dsym";
				ENABLE_NS_ASSERTIONS = NO;
				ENABLE_STRICT_OBJC_MSGSEND = YES;
				GCC_C_LANGUAGE_STANDARD = gnu11;
				GCC_NO_COMMON_BLOCKS = YES;
				GCC_WARN_64_TO_32_BIT_CONVERSION = YES;
				GCC_WARN_ABOUT_RETURN_TYPE = YES_ERROR;
				GCC_WARN_UNDECLARED_SELECTOR = YES;
				GCC_WARN_UNINITIALIZED_AUTOS = YES_AGGRESSIVE;
				GCC_WARN_UNUSED_FUNCTION = YES;
				GCC_WARN_UNUSED_VARIABLE = YES;
				IPHONEOS_DEPLOYMENT_TARGET = 15.2;
				MTL_ENABLE_DEBUG_INFO = NO;
				MTL_FAST_MATH = YES;
				SDKROOT = iphoneos;
				SWIFT_COMPILATION_MODE = wholemodule;
				SWIFT_OPTIMIZATION_LEVEL = "-O";
				VALIDATE_PRODUCT = YES;
			};
			name = Release;
		};
		331714AA29264A6B00466411 /* Debug */ = {
			isa = XCBuildConfiguration;
			buildSettings = {
				ASSETCATALOG_COMPILER_APPICON_NAME = AppIcon;
				ASSETCATALOG_COMPILER_GLOBAL_ACCENT_COLOR_NAME = AccentColor;
				CODE_SIGN_STYLE = Automatic;
				CURRENT_PROJECT_VERSION = 1;
				DEVELOPMENT_TEAM = 99TG5G5Z29;
				GENERATE_INFOPLIST_FILE = YES;
				INFOPLIST_FILE = CustomTabbarProgramatical/SupportingFolder/Info.plist;
				INFOPLIST_KEY_UIApplicationSupportsIndirectInputEvents = YES;
				INFOPLIST_KEY_UILaunchStoryboardName = LaunchScreen;
				INFOPLIST_KEY_UIMainStoryboardFile = Main;
				INFOPLIST_KEY_UISupportedInterfaceOrientations_iPad = "UIInterfaceOrientationPortrait UIInterfaceOrientationPortraitUpsideDown UIInterfaceOrientationLandscapeLeft UIInterfaceOrientationLandscapeRight";
				INFOPLIST_KEY_UISupportedInterfaceOrientations_iPhone = "UIInterfaceOrientationPortrait UIInterfaceOrientationLandscapeLeft UIInterfaceOrientationLandscapeRight";
				LD_RUNPATH_SEARCH_PATHS = (
					"$(inherited)",
					"@executable_path/Frameworks",
				);
				MARKETING_VERSION = 1.0;
				PRODUCT_BUNDLE_IDENTIFIER = erknkzgn.CustomTabbarProgramatical;
				PRODUCT_NAME = "$(TARGET_NAME)";
				SWIFT_EMIT_LOC_STRINGS = YES;
				SWIFT_VERSION = 5.0;
				TARGETED_DEVICE_FAMILY = "1,2";
			};
			name = Debug;
		};
		331714AB29264A6B00466411 /* Release */ = {
			isa = XCBuildConfiguration;
			buildSettings = {
				ASSETCATALOG_COMPILER_APPICON_NAME = AppIcon;
				ASSETCATALOG_COMPILER_GLOBAL_ACCENT_COLOR_NAME = AccentColor;
				CODE_SIGN_STYLE = Automatic;
				CURRENT_PROJECT_VERSION = 1;
				DEVELOPMENT_TEAM = 99TG5G5Z29;
				GENERATE_INFOPLIST_FILE = YES;
				INFOPLIST_FILE = CustomTabbarProgramatical/SupportingFolder/Info.plist;
				INFOPLIST_KEY_UIApplicationSupportsIndirectInputEvents = YES;
				INFOPLIST_KEY_UILaunchStoryboardName = LaunchScreen;
				INFOPLIST_KEY_UIMainStoryboardFile = Main;
				INFOPLIST_KEY_UISupportedInterfaceOrientations_iPad = "UIInterfaceOrientationPortrait UIInterfaceOrientationPortraitUpsideDown UIInterfaceOrientationLandscapeLeft UIInterfaceOrientationLandscapeRight";
				INFOPLIST_KEY_UISupportedInterfaceOrientations_iPhone = "UIInterfaceOrientationPortrait UIInterfaceOrientationLandscapeLeft UIInterfaceOrientationLandscapeRight";
				LD_RUNPATH_SEARCH_PATHS = (
					"$(inherited)",
					"@executable_path/Frameworks",
				);
				MARKETING_VERSION = 1.0;
				PRODUCT_BUNDLE_IDENTIFIER = erknkzgn.CustomTabbarProgramatical;
				PRODUCT_NAME = "$(TARGET_NAME)";
				SWIFT_EMIT_LOC_STRINGS = YES;
				SWIFT_VERSION = 5.0;
				TARGETED_DEVICE_FAMILY = "1,2";
			};
			name = Release;
		};
		331714AD29264A6B00466411 /* Debug */ = {
			isa = XCBuildConfiguration;
			buildSettings = {
				ALWAYS_EMBED_SWIFT_STANDARD_LIBRARIES = YES;
				BUNDLE_LOADER = "$(TEST_HOST)";
				CODE_SIGN_STYLE = Automatic;
				CURRENT_PROJECT_VERSION = 1;
				DEVELOPMENT_TEAM = 99TG5G5Z29;
				GENERATE_INFOPLIST_FILE = YES;
				IPHONEOS_DEPLOYMENT_TARGET = 15.2;
				MARKETING_VERSION = 1.0;
				PRODUCT_BUNDLE_IDENTIFIER = erknkzgn.CustomTabbarProgramaticalTests;
				PRODUCT_NAME = "$(TARGET_NAME)";
				SWIFT_EMIT_LOC_STRINGS = NO;
				SWIFT_VERSION = 5.0;
				TARGETED_DEVICE_FAMILY = "1,2";
				TEST_HOST = "$(BUILT_PRODUCTS_DIR)/CustomTabbarProgramatical.app/CustomTabbarProgramatical";
			};
			name = Debug;
		};
		331714AE29264A6B00466411 /* Release */ = {
			isa = XCBuildConfiguration;
			buildSettings = {
				ALWAYS_EMBED_SWIFT_STANDARD_LIBRARIES = YES;
				BUNDLE_LOADER = "$(TEST_HOST)";
				CODE_SIGN_STYLE = Automatic;
				CURRENT_PROJECT_VERSION = 1;
				DEVELOPMENT_TEAM = 99TG5G5Z29;
				GENERATE_INFOPLIST_FILE = YES;
				IPHONEOS_DEPLOYMENT_TARGET = 15.2;
				MARKETING_VERSION = 1.0;
				PRODUCT_BUNDLE_IDENTIFIER = erknkzgn.CustomTabbarProgramaticalTests;
				PRODUCT_NAME = "$(TARGET_NAME)";
				SWIFT_EMIT_LOC_STRINGS = NO;
				SWIFT_VERSION = 5.0;
				TARGETED_DEVICE_FAMILY = "1,2";
				TEST_HOST = "$(BUILT_PRODUCTS_DIR)/CustomTabbarProgramatical.app/CustomTabbarProgramatical";
			};
			name = Release;
		};
		331714B029264A6B00466411 /* Debug */ = {
			isa = XCBuildConfiguration;
			buildSettings = {
				ALWAYS_EMBED_SWIFT_STANDARD_LIBRARIES = YES;
				CODE_SIGN_STYLE = Automatic;
				CURRENT_PROJECT_VERSION = 1;
				DEVELOPMENT_TEAM = 99TG5G5Z29;
				GENERATE_INFOPLIST_FILE = YES;
				MARKETING_VERSION = 1.0;
				PRODUCT_BUNDLE_IDENTIFIER = erknkzgn.CustomTabbarProgramaticalUITests;
				PRODUCT_NAME = "$(TARGET_NAME)";
				SWIFT_EMIT_LOC_STRINGS = NO;
				SWIFT_VERSION = 5.0;
				TARGETED_DEVICE_FAMILY = "1,2";
				TEST_TARGET_NAME = CustomTabbarProgramatical;
			};
			name = Debug;
		};
		331714B129264A6B00466411 /* Release */ = {
			isa = XCBuildConfiguration;
			buildSettings = {
				ALWAYS_EMBED_SWIFT_STANDARD_LIBRARIES = YES;
				CODE_SIGN_STYLE = Automatic;
				CURRENT_PROJECT_VERSION = 1;
				DEVELOPMENT_TEAM = 99TG5G5Z29;
				GENERATE_INFOPLIST_FILE = YES;
				MARKETING_VERSION = 1.0;
				PRODUCT_BUNDLE_IDENTIFIER = erknkzgn.CustomTabbarProgramaticalUITests;
				PRODUCT_NAME = "$(TARGET_NAME)";
				SWIFT_EMIT_LOC_STRINGS = NO;
				SWIFT_VERSION = 5.0;
				TARGETED_DEVICE_FAMILY = "1,2";
				TEST_TARGET_NAME = CustomTabbarProgramatical;
			};
			name = Release;
		};
/* End XCBuildConfiguration section */

/* Begin XCConfigurationList section */
		3317147A29264A6200466411 /* Build configuration list for PBXProject "CustomTabbarProgramatical" */ = {
			isa = XCConfigurationList;
			buildConfigurations = (
				331714A729264A6B00466411 /* Debug */,
				331714A829264A6B00466411 /* Release */,
			);
			defaultConfigurationIsVisible = 0;
			defaultConfigurationName = Release;
		};
		331714A929264A6B00466411 /* Build configuration list for PBXNativeTarget "CustomTabbarProgramatical" */ = {
			isa = XCConfigurationList;
			buildConfigurations = (
				331714AA29264A6B00466411 /* Debug */,
				331714AB29264A6B00466411 /* Release */,
			);
			defaultConfigurationIsVisible = 0;
			defaultConfigurationName = Release;
		};
		331714AC29264A6B00466411 /* Build configuration list for PBXNativeTarget "CustomTabbarProgramaticalTests" */ = {
			isa = XCConfigurationList;
			buildConfigurations = (
				331714AD29264A6B00466411 /* Debug */,
				331714AE29264A6B00466411 /* Release */,
			);
			defaultConfigurationIsVisible = 0;
			defaultConfigurationName = Release;
		};
		331714AF29264A6B00466411 /* Build configuration list for PBXNativeTarget "CustomTabbarProgramaticalUITests" */ = {
			isa = XCConfigurationList;
			buildConfigurations = (
				331714B029264A6B00466411 /* Debug */,
				331714B129264A6B00466411 /* Release */,
			);
			defaultConfigurationIsVisible = 0;
			defaultConfigurationName = Release;
		};
/* End XCConfigurationList section */
	};
	rootObject = 3317147729264A6200466411 /* Project object */;
}
